
Microsoft Visual Studio Solution File, Format Version 12.00
# Visual Studio 15
VisualStudioVersion = 15.0.28307.489
MinimumVisualStudioVersion = 10.0.40219.1
Project("{8BC9CEB8-8B4A-11D0-8D11-00A0C91BC942}") = "STACK2", "STACK2\STACK2.vcxproj", "{10BC664A-5E99-495E-8D2F-45F96841E741}"
EndProject
Global
	GlobalSection(SolutionConfigurationPlatforms) = preSolution
		Debug|x64 = Debug|x64
		Debug|x86 = Debug|x86
		Release|x64 = Release|x64
		Release|x86 = Release|x86
	EndGlobalSection
	GlobalSection(ProjectConfigurationPlatforms) = postSolution
		{10BC664A-5E99-495E-8D2F-45F96841E741}.Debug|x64.ActiveCfg = Debug|x64
		{10BC664A-5E99-495E-8D2F-45F96841E741}.Debug|x64.Build.0 = Debug|x64
		{10BC664A-5E99-495E-8D2F-45F96841E741}.Debug|x86.ActiveCfg = Debug|Win32
		{10BC664A-5E99-495E-8D2F-45F96841E741}.Debug|x86.Build.0 = Debug|Win32
		{10BC664A-5E99-495E-8D2F-45F96841E741}.Release|x64.ActiveCfg = Release|x64
		{10BC664A-5E99-495E-8D2F-45F96841E741}.Release|x64.Build.0 = Release|x64
		{10BC664A-5E99-495E-8D2F-45F96841E741}.Release|x86.ActiveCfg = Release|Win32
		{10BC664A-5E99-495E-8D2F-45F96841E741}.Release|x86.Build.0 = Release|Win32
	EndGlobalSection
	GlobalSection(SolutionProperties) = preSolution
		HideSolutionNode = FALSE
	EndGlobalSection
	GlobalSection(ExtensibilityGlobals) = postSolution
		SolutionGuid = {E18B2459-387B-44DF-83CD-ABB70BC86E22}
	EndGlobalSection
EndGlobal
