
Microsoft Visual Studio Solution File, Format Version 12.00
# Visual Studio 15
VisualStudioVersion = 15.0.28307.489
MinimumVisualStudioVersion = 10.0.40219.1
Project("{8BC9CEB8-8B4A-11D0-8D11-00A0C91BC942}") = "WindowsProject1", "WindowsProject1\WindowsProject1.vcxproj", "{251181FE-A29C-4575-B76D-C234798262E2}"
EndProject
Global
	GlobalSection(SolutionConfigurationPlatforms) = preSolution
		Debug|x64 = Debug|x64
		Debug|x86 = Debug|x86
		Release|x64 = Release|x64
		Release|x86 = Release|x86
	EndGlobalSection
	GlobalSection(ProjectConfigurationPlatforms) = postSolution
		{251181FE-A29C-4575-B76D-C234798262E2}.Debug|x64.ActiveCfg = Debug|x64
		{251181FE-A29C-4575-B76D-C234798262E2}.Debug|x64.Build.0 = Debug|x64
		{251181FE-A29C-4575-B76D-C234798262E2}.Debug|x86.ActiveCfg = Debug|Win32
		{251181FE-A29C-4575-B76D-C234798262E2}.Debug|x86.Build.0 = Debug|Win32
		{251181FE-A29C-4575-B76D-C234798262E2}.Release|x64.ActiveCfg = Release|x64
		{251181FE-A29C-4575-B76D-C234798262E2}.Release|x64.Build.0 = Release|x64
		{251181FE-A29C-4575-B76D-C234798262E2}.Release|x86.ActiveCfg = Release|Win32
		{251181FE-A29C-4575-B76D-C234798262E2}.Release|x86.Build.0 = Release|Win32
	EndGlobalSection
	GlobalSection(SolutionProperties) = preSolution
		HideSolutionNode = FALSE
	EndGlobalSection
	GlobalSection(ExtensibilityGlobals) = postSolution
		SolutionGuid = {C79776C2-EE6E-40DB-970D-2302207D825A}
	EndGlobalSection
EndGlobal
